
Microsoft Visual Studio Solution File, Format Version 12.00
# Visual Studio Version 17
VisualStudioVersion = 17.4.33403.182
MinimumVisualStudioVersion = 10.0.40219.1
Project("{FAE04EC0-301F-11D3-BF4B-00C04F79EFBC}") = "Adopet", "Adopet.csproj", "{981204E8-84F1-46E2-8C43-6C8DA0C24AEA}"
EndProject
Global
	GlobalSection(SolutionConfigurationPlatforms) = preSolution
		Debug|Any CPU = Debug|Any CPU
		Release|Any CPU = Release|Any CPU
	EndGlobalSection
	GlobalSection(ProjectConfigurationPlatforms) = postSolution
		{981204E8-84F1-46E2-8C43-6C8DA0C24AEA}.Debug|Any CPU.ActiveCfg = Debug|Any CPU
		{981204E8-84F1-46E2-8C43-6C8DA0C24AEA}.Debug|Any CPU.Build.0 = Debug|Any CPU
		{981204E8-84F1-46E2-8C43-6C8DA0C24AEA}.Release|Any CPU.ActiveCfg = Release|Any CPU
		{981204E8-84F1-46E2-8C43-6C8DA0C24AEA}.Release|Any CPU.Build.0 = Release|Any CPU
	EndGlobalSection
	GlobalSection(SolutionProperties) = preSolution
		HideSolutionNode = FALSE
	EndGlobalSection
	GlobalSection(ExtensibilityGlobals) = postSolution
		SolutionGuid = {BDAAA46E-90B0-4D0D-980B-AC7262E58E8F}
	EndGlobalSection
EndGlobal
